
Microsoft Visual Studio Solution File, Format Version 12.00
# Visual Studio 2013
VisualStudioVersion = 12.0.30723.0
MinimumVisualStudioVersion = 10.0.40219.1
Project("{FAE04EC0-301F-11D3-BF4B-00C04F79EFBC}") = "ThreadPool", "Thread\ThreadPool.csproj", "{356BD1F2-F323-4ED3-8EF1-68472AB51153}"
EndProject
Global
	GlobalSection(TeamFoundationVersionControl) = preSolution
		SccNumberOfProjects = 2
		SccEnterpriseProvider = {4CA58AB2-18FA-4F8D-95D4-32DDF27D184C}
		SccTeamFoundationServer = http://121.40.176.78:8080/tfs/xiake
		SccProjectUniqueName0 = Thread\\ThreadPool.csproj
		SccProjectName0 = Thread
		SccLocalPath0 = Thread
		SccLocalPath1 = .
	EndGlobalSection
	GlobalSection(SolutionConfigurationPlatforms) = preSolution
		Debug|Any CPU = Debug|Any CPU
		Release|Any CPU = Release|Any CPU
	EndGlobalSection
	GlobalSection(ProjectConfigurationPlatforms) = postSolution
		{356BD1F2-F323-4ED3-8EF1-68472AB51153}.Debug|Any CPU.ActiveCfg = Debug|Any CPU
		{356BD1F2-F323-4ED3-8EF1-68472AB51153}.Debug|Any CPU.Build.0 = Debug|Any CPU
		{356BD1F2-F323-4ED3-8EF1-68472AB51153}.Release|Any CPU.ActiveCfg = Release|Any CPU
		{356BD1F2-F323-4ED3-8EF1-68472AB51153}.Release|Any CPU.Build.0 = Release|Any CPU
	EndGlobalSection
	GlobalSection(SolutionProperties) = preSolution
		HideSolutionNode = FALSE
	EndGlobalSection
EndGlobal
