
Microsoft Visual Studio Solution File, Format Version 12.00
# Visual Studio Version 17
VisualStudioVersion = 17.4.33103.184
MinimumVisualStudioVersion = 10.0.40219.1
Project("{FAE04EC0-301F-11D3-BF4B-00C04F79EFBC}") = "V3", "V3\V3.csproj", "{A5E8C372-8235-4F13-9865-F34303F17E61}"
EndProject
Project("{FAE04EC0-301F-11D3-BF4B-00C04F79EFBC}") = "Model", "V3Model\Model.csproj", "{61F5628A-F344-4C86-9232-A7A7D410A6CD}"
EndProject
Project("{FAE04EC0-301F-11D3-BF4B-00C04F79EFBC}") = "Library", "Library\Library.csproj", "{53972F4A-BF39-4D70-A9DE-AEDE100A55C1}"
EndProject
Project("{FAE04EC0-301F-11D3-BF4B-00C04F79EFBC}") = "V3Plugin", "V3\Plugin\V3Plugin.csproj", "{52930E39-BAF5-47B6-AAA5-F367AE9A8931}"
EndProject
Project("{2150E333-8FDC-42A3-9474-1A3956D46DE8}") = "Plugin", "Plugin", "{B7A5457B-99E4-4903-86C4-47F7076864FA}"
EndProject
Project("{FAE04EC0-301F-11D3-BF4B-00C04F79EFBC}") = "文件下载", "Plugin\文件下载\文件下载.csproj", "{0F054CE3-ABBF-4B1B-94BA-9ADD2179FDE1}"
EndProject
Project("{FAE04EC0-301F-11D3-BF4B-00C04F79EFBC}") = "MySql数据库插入", "Plugin\MySql数据库插入\MySql数据库插入.csproj", "{1F3AF535-80D7-4678-B895-088960F259B3}"
EndProject
Project("{FAE04EC0-301F-11D3-BF4B-00C04F79EFBC}") = "百度原创度识别", "Plugin\百度原创度识别\百度原创度识别.csproj", "{0ADF126D-2913-4318-BB37-1285FAB40A31}"
EndProject
Project("{FAE04EC0-301F-11D3-BF4B-00C04F79EFBC}") = "模型插入关键词", "Plugin\模型插入关键词\模型插入关键词.csproj", "{39E24165-0E3C-4980-A1C3-20A862DB2EA5}"
EndProject
Project("{FAE04EC0-301F-11D3-BF4B-00C04F79EFBC}") = "标题替换", "Plugin\标题替换\标题替换.csproj", "{D14D9B61-0D77-4EB5-9562-003F26788C98}"
EndProject
Project("{FAE04EC0-301F-11D3-BF4B-00C04F79EFBC}") = "视频图片插入", "Plugin\视频图片插入\视频图片插入.csproj", "{C00FAA32-AEAF-435A-848C-C171E0BD4277}"
EndProject
Project("{FAE04EC0-301F-11D3-BF4B-00C04F79EFBC}") = "xEngine", "xEngine\xEngine.csproj", "{F928FE1D-7C8F-4DC7-B98A-ABFC709B2A91}"
EndProject
Project("{FAE04EC0-301F-11D3-BF4B-00C04F79EFBC}") = "百度翻译", "Plugin\百度翻译\百度翻译.csproj", "{45AEC823-F72A-4C69-952C-CF883B79C5F9}"
EndProject
Global
	GlobalSection(SolutionConfigurationPlatforms) = preSolution
		Debug|Any CPU = Debug|Any CPU
		Debug|Mixed Platforms = Debug|Mixed Platforms
		Debug|x86 = Debug|x86
		Release|Any CPU = Release|Any CPU
		Release|Mixed Platforms = Release|Mixed Platforms
		Release|x86 = Release|x86
		本地调试|Any CPU = 本地调试|Any CPU
		本地调试|Mixed Platforms = 本地调试|Mixed Platforms
		本地调试|x86 = 本地调试|x86
		最终发布|Any CPU = 最终发布|Any CPU
		最终发布|Mixed Platforms = 最终发布|Mixed Platforms
		最终发布|x86 = 最终发布|x86
	EndGlobalSection
	GlobalSection(ProjectConfigurationPlatforms) = postSolution
		{A5E8C372-8235-4F13-9865-F34303F17E61}.Debug|Any CPU.ActiveCfg = Debug|Any CPU
		{A5E8C372-8235-4F13-9865-F34303F17E61}.Debug|Any CPU.Build.0 = Debug|Any CPU
		{A5E8C372-8235-4F13-9865-F34303F17E61}.Debug|Mixed Platforms.ActiveCfg = Debug|Any CPU
		{A5E8C372-8235-4F13-9865-F34303F17E61}.Debug|Mixed Platforms.Build.0 = Debug|Any CPU
		{A5E8C372-8235-4F13-9865-F34303F17E61}.Debug|x86.ActiveCfg = Debug|x86
		{A5E8C372-8235-4F13-9865-F34303F17E61}.Debug|x86.Build.0 = Debug|x86
		{A5E8C372-8235-4F13-9865-F34303F17E61}.Release|Any CPU.ActiveCfg = Release|Any CPU
		{A5E8C372-8235-4F13-9865-F34303F17E61}.Release|Any CPU.Build.0 = Release|Any CPU
		{A5E8C372-8235-4F13-9865-F34303F17E61}.Release|Mixed Platforms.ActiveCfg = Release|Any CPU
		{A5E8C372-8235-4F13-9865-F34303F17E61}.Release|Mixed Platforms.Build.0 = Release|Any CPU
		{A5E8C372-8235-4F13-9865-F34303F17E61}.Release|x86.ActiveCfg = Release|x86
		{A5E8C372-8235-4F13-9865-F34303F17E61}.Release|x86.Build.0 = Release|x86
		{A5E8C372-8235-4F13-9865-F34303F17E61}.本地调试|Any CPU.ActiveCfg = 本地调试|Any CPU
		{A5E8C372-8235-4F13-9865-F34303F17E61}.本地调试|Any CPU.Build.0 = 本地调试|Any CPU
		{A5E8C372-8235-4F13-9865-F34303F17E61}.本地调试|Mixed Platforms.ActiveCfg = 本地调试|Any CPU
		{A5E8C372-8235-4F13-9865-F34303F17E61}.本地调试|Mixed Platforms.Build.0 = 本地调试|Any CPU
		{A5E8C372-8235-4F13-9865-F34303F17E61}.本地调试|x86.ActiveCfg = 本地调试|x86
		{A5E8C372-8235-4F13-9865-F34303F17E61}.本地调试|x86.Build.0 = 本地调试|x86
		{A5E8C372-8235-4F13-9865-F34303F17E61}.最终发布|Any CPU.ActiveCfg = 最终发布|Any CPU
		{A5E8C372-8235-4F13-9865-F34303F17E61}.最终发布|Any CPU.Build.0 = 最终发布|Any CPU
		{A5E8C372-8235-4F13-9865-F34303F17E61}.最终发布|Mixed Platforms.ActiveCfg = 最终发布|Any CPU
		{A5E8C372-8235-4F13-9865-F34303F17E61}.最终发布|Mixed Platforms.Build.0 = 最终发布|Any CPU
		{A5E8C372-8235-4F13-9865-F34303F17E61}.最终发布|x86.ActiveCfg = 最终发布|x86
		{A5E8C372-8235-4F13-9865-F34303F17E61}.最终发布|x86.Build.0 = 最终发布|x86
		{61F5628A-F344-4C86-9232-A7A7D410A6CD}.Debug|Any CPU.ActiveCfg = Debug|Any CPU
		{61F5628A-F344-4C86-9232-A7A7D410A6CD}.Debug|Any CPU.Build.0 = Debug|Any CPU
		{61F5628A-F344-4C86-9232-A7A7D410A6CD}.Debug|Mixed Platforms.ActiveCfg = Debug|Any CPU
		{61F5628A-F344-4C86-9232-A7A7D410A6CD}.Debug|Mixed Platforms.Build.0 = Debug|Any CPU
		{61F5628A-F344-4C86-9232-A7A7D410A6CD}.Debug|x86.ActiveCfg = Debug|Any CPU
		{61F5628A-F344-4C86-9232-A7A7D410A6CD}.Release|Any CPU.ActiveCfg = Release|Any CPU
		{61F5628A-F344-4C86-9232-A7A7D410A6CD}.Release|Any CPU.Build.0 = Release|Any CPU
		{61F5628A-F344-4C86-9232-A7A7D410A6CD}.Release|Mixed Platforms.ActiveCfg = Release|Any CPU
		{61F5628A-F344-4C86-9232-A7A7D410A6CD}.Release|Mixed Platforms.Build.0 = Release|Any CPU
		{61F5628A-F344-4C86-9232-A7A7D410A6CD}.Release|x86.ActiveCfg = Release|Any CPU
		{61F5628A-F344-4C86-9232-A7A7D410A6CD}.本地调试|Any CPU.ActiveCfg = 本地调试|Any CPU
		{61F5628A-F344-4C86-9232-A7A7D410A6CD}.本地调试|Any CPU.Build.0 = 本地调试|Any CPU
		{61F5628A-F344-4C86-9232-A7A7D410A6CD}.本地调试|Mixed Platforms.ActiveCfg = 本地调试|Any CPU
		{61F5628A-F344-4C86-9232-A7A7D410A6CD}.本地调试|Mixed Platforms.Build.0 = 本地调试|Any CPU
		{61F5628A-F344-4C86-9232-A7A7D410A6CD}.本地调试|x86.ActiveCfg = 本地调试|Any CPU
		{61F5628A-F344-4C86-9232-A7A7D410A6CD}.最终发布|Any CPU.ActiveCfg = 最终发布|Any CPU
		{61F5628A-F344-4C86-9232-A7A7D410A6CD}.最终发布|Any CPU.Build.0 = 最终发布|Any CPU
		{61F5628A-F344-4C86-9232-A7A7D410A6CD}.最终发布|Mixed Platforms.ActiveCfg = 最终发布|Any CPU
		{61F5628A-F344-4C86-9232-A7A7D410A6CD}.最终发布|Mixed Platforms.Build.0 = 最终发布|Any CPU
		{61F5628A-F344-4C86-9232-A7A7D410A6CD}.最终发布|x86.ActiveCfg = 最终发布|Any CPU
		{53972F4A-BF39-4D70-A9DE-AEDE100A55C1}.Debug|Any CPU.ActiveCfg = Debug|Any CPU
		{53972F4A-BF39-4D70-A9DE-AEDE100A55C1}.Debug|Any CPU.Build.0 = Debug|Any CPU
		{53972F4A-BF39-4D70-A9DE-AEDE100A55C1}.Debug|Mixed Platforms.ActiveCfg = Debug|Any CPU
		{53972F4A-BF39-4D70-A9DE-AEDE100A55C1}.Debug|Mixed Platforms.Build.0 = Debug|Any CPU
		{53972F4A-BF39-4D70-A9DE-AEDE100A55C1}.Debug|x86.ActiveCfg = Debug|Any CPU
		{53972F4A-BF39-4D70-A9DE-AEDE100A55C1}.Release|Any CPU.ActiveCfg = Release|Any CPU
		{53972F4A-BF39-4D70-A9DE-AEDE100A55C1}.Release|Any CPU.Build.0 = Release|Any CPU
		{53972F4A-BF39-4D70-A9DE-AEDE100A55C1}.Release|Mixed Platforms.ActiveCfg = Release|Any CPU
		{53972F4A-BF39-4D70-A9DE-AEDE100A55C1}.Release|Mixed Platforms.Build.0 = Release|Any CPU
		{53972F4A-BF39-4D70-A9DE-AEDE100A55C1}.Release|x86.ActiveCfg = Release|Any CPU
		{53972F4A-BF39-4D70-A9DE-AEDE100A55C1}.本地调试|Any CPU.ActiveCfg = Release|Any CPU
		{53972F4A-BF39-4D70-A9DE-AEDE100A55C1}.本地调试|Any CPU.Build.0 = Release|Any CPU
		{53972F4A-BF39-4D70-A9DE-AEDE100A55C1}.本地调试|Mixed Platforms.ActiveCfg = Release|Any CPU
		{53972F4A-BF39-4D70-A9DE-AEDE100A55C1}.本地调试|Mixed Platforms.Build.0 = Release|Any CPU
		{53972F4A-BF39-4D70-A9DE-AEDE100A55C1}.本地调试|x86.ActiveCfg = Release|Any CPU
		{53972F4A-BF39-4D70-A9DE-AEDE100A55C1}.最终发布|Any CPU.ActiveCfg = Release|Any CPU
		{53972F4A-BF39-4D70-A9DE-AEDE100A55C1}.最终发布|Any CPU.Build.0 = Release|Any CPU
		{53972F4A-BF39-4D70-A9DE-AEDE100A55C1}.最终发布|Mixed Platforms.ActiveCfg = Release|Any CPU
		{53972F4A-BF39-4D70-A9DE-AEDE100A55C1}.最终发布|Mixed Platforms.Build.0 = Release|Any CPU
		{53972F4A-BF39-4D70-A9DE-AEDE100A55C1}.最终发布|x86.ActiveCfg = Release|Any CPU
		{52930E39-BAF5-47B6-AAA5-F367AE9A8931}.Debug|Any CPU.ActiveCfg = Debug|Any CPU
		{52930E39-BAF5-47B6-AAA5-F367AE9A8931}.Debug|Any CPU.Build.0 = Debug|Any CPU
		{52930E39-BAF5-47B6-AAA5-F367AE9A8931}.Debug|Mixed Platforms.ActiveCfg = Debug|Any CPU
		{52930E39-BAF5-47B6-AAA5-F367AE9A8931}.Debug|Mixed Platforms.Build.0 = Debug|Any CPU
		{52930E39-BAF5-47B6-AAA5-F367AE9A8931}.Debug|x86.ActiveCfg = Debug|Any CPU
		{52930E39-BAF5-47B6-AAA5-F367AE9A8931}.Release|Any CPU.ActiveCfg = Release|Any CPU
		{52930E39-BAF5-47B6-AAA5-F367AE9A8931}.Release|Any CPU.Build.0 = Release|Any CPU
		{52930E39-BAF5-47B6-AAA5-F367AE9A8931}.Release|Mixed Platforms.ActiveCfg = Release|Any CPU
		{52930E39-BAF5-47B6-AAA5-F367AE9A8931}.Release|Mixed Platforms.Build.0 = Release|Any CPU
		{52930E39-BAF5-47B6-AAA5-F367AE9A8931}.Release|x86.ActiveCfg = Release|Any CPU
		{52930E39-BAF5-47B6-AAA5-F367AE9A8931}.本地调试|Any CPU.ActiveCfg = Release|Any CPU
		{52930E39-BAF5-47B6-AAA5-F367AE9A8931}.本地调试|Any CPU.Build.0 = Release|Any CPU
		{52930E39-BAF5-47B6-AAA5-F367AE9A8931}.本地调试|Mixed Platforms.ActiveCfg = Release|Any CPU
		{52930E39-BAF5-47B6-AAA5-F367AE9A8931}.本地调试|Mixed Platforms.Build.0 = Release|Any CPU
		{52930E39-BAF5-47B6-AAA5-F367AE9A8931}.本地调试|x86.ActiveCfg = Release|Any CPU
		{52930E39-BAF5-47B6-AAA5-F367AE9A8931}.最终发布|Any CPU.ActiveCfg = Release|Any CPU
		{52930E39-BAF5-47B6-AAA5-F367AE9A8931}.最终发布|Any CPU.Build.0 = Release|Any CPU
		{52930E39-BAF5-47B6-AAA5-F367AE9A8931}.最终发布|Mixed Platforms.ActiveCfg = Release|Any CPU
		{52930E39-BAF5-47B6-AAA5-F367AE9A8931}.最终发布|Mixed Platforms.Build.0 = Release|Any CPU
		{52930E39-BAF5-47B6-AAA5-F367AE9A8931}.最终发布|x86.ActiveCfg = Release|Any CPU
		{0F054CE3-ABBF-4B1B-94BA-9ADD2179FDE1}.Debug|Any CPU.ActiveCfg = Debug|Any CPU
		{0F054CE3-ABBF-4B1B-94BA-9ADD2179FDE1}.Debug|Any CPU.Build.0 = Debug|Any CPU
		{0F054CE3-ABBF-4B1B-94BA-9ADD2179FDE1}.Debug|Mixed Platforms.ActiveCfg = Debug|Any CPU
		{0F054CE3-ABBF-4B1B-94BA-9ADD2179FDE1}.Debug|Mixed Platforms.Build.0 = Debug|Any CPU
		{0F054CE3-ABBF-4B1B-94BA-9ADD2179FDE1}.Debug|x86.ActiveCfg = Debug|Any CPU
		{0F054CE3-ABBF-4B1B-94BA-9ADD2179FDE1}.Release|Any CPU.ActiveCfg = Release|Any CPU
		{0F054CE3-ABBF-4B1B-94BA-9ADD2179FDE1}.Release|Any CPU.Build.0 = Release|Any CPU
		{0F054CE3-ABBF-4B1B-94BA-9ADD2179FDE1}.Release|Mixed Platforms.ActiveCfg = Release|Any CPU
		{0F054CE3-ABBF-4B1B-94BA-9ADD2179FDE1}.Release|Mixed Platforms.Build.0 = Release|Any CPU
		{0F054CE3-ABBF-4B1B-94BA-9ADD2179FDE1}.Release|x86.ActiveCfg = Release|Any CPU
		{0F054CE3-ABBF-4B1B-94BA-9ADD2179FDE1}.本地调试|Any CPU.ActiveCfg = Release|Any CPU
		{0F054CE3-ABBF-4B1B-94BA-9ADD2179FDE1}.本地调试|Any CPU.Build.0 = Release|Any CPU
		{0F054CE3-ABBF-4B1B-94BA-9ADD2179FDE1}.本地调试|Mixed Platforms.ActiveCfg = Release|Any CPU
		{0F054CE3-ABBF-4B1B-94BA-9ADD2179FDE1}.本地调试|Mixed Platforms.Build.0 = Release|Any CPU
		{0F054CE3-ABBF-4B1B-94BA-9ADD2179FDE1}.本地调试|x86.ActiveCfg = Release|Any CPU
		{0F054CE3-ABBF-4B1B-94BA-9ADD2179FDE1}.最终发布|Any CPU.ActiveCfg = Release|Any CPU
		{0F054CE3-ABBF-4B1B-94BA-9ADD2179FDE1}.最终发布|Any CPU.Build.0 = Release|Any CPU
		{0F054CE3-ABBF-4B1B-94BA-9ADD2179FDE1}.最终发布|Mixed Platforms.ActiveCfg = Release|Any CPU
		{0F054CE3-ABBF-4B1B-94BA-9ADD2179FDE1}.最终发布|Mixed Platforms.Build.0 = Release|Any CPU
		{0F054CE3-ABBF-4B1B-94BA-9ADD2179FDE1}.最终发布|x86.ActiveCfg = Release|Any CPU
		{1F3AF535-80D7-4678-B895-088960F259B3}.Debug|Any CPU.ActiveCfg = Debug|Any CPU
		{1F3AF535-80D7-4678-B895-088960F259B3}.Debug|Any CPU.Build.0 = Debug|Any CPU
		{1F3AF535-80D7-4678-B895-088960F259B3}.Debug|Mixed Platforms.ActiveCfg = Debug|Any CPU
		{1F3AF535-80D7-4678-B895-088960F259B3}.Debug|Mixed Platforms.Build.0 = Debug|Any CPU
		{1F3AF535-80D7-4678-B895-088960F259B3}.Debug|x86.ActiveCfg = Debug|Any CPU
		{1F3AF535-80D7-4678-B895-088960F259B3}.Release|Any CPU.ActiveCfg = Release|Any CPU
		{1F3AF535-80D7-4678-B895-088960F259B3}.Release|Any CPU.Build.0 = Release|Any CPU
		{1F3AF535-80D7-4678-B895-088960F259B3}.Release|Mixed Platforms.ActiveCfg = Release|Any CPU
		{1F3AF535-80D7-4678-B895-088960F259B3}.Release|Mixed Platforms.Build.0 = Release|Any CPU
		{1F3AF535-80D7-4678-B895-088960F259B3}.Release|x86.ActiveCfg = Release|Any CPU
		{1F3AF535-80D7-4678-B895-088960F259B3}.本地调试|Any CPU.ActiveCfg = Release|Any CPU
		{1F3AF535-80D7-4678-B895-088960F259B3}.本地调试|Any CPU.Build.0 = Release|Any CPU
		{1F3AF535-80D7-4678-B895-088960F259B3}.本地调试|Mixed Platforms.ActiveCfg = Release|Any CPU
		{1F3AF535-80D7-4678-B895-088960F259B3}.本地调试|Mixed Platforms.Build.0 = Release|Any CPU
		{1F3AF535-80D7-4678-B895-088960F259B3}.本地调试|x86.ActiveCfg = Release|Any CPU
		{1F3AF535-80D7-4678-B895-088960F259B3}.最终发布|Any CPU.ActiveCfg = Release|Any CPU
		{1F3AF535-80D7-4678-B895-088960F259B3}.最终发布|Any CPU.Build.0 = Release|Any CPU
		{1F3AF535-80D7-4678-B895-088960F259B3}.最终发布|Mixed Platforms.ActiveCfg = Release|Any CPU
		{1F3AF535-80D7-4678-B895-088960F259B3}.最终发布|Mixed Platforms.Build.0 = Release|Any CPU
		{1F3AF535-80D7-4678-B895-088960F259B3}.最终发布|x86.ActiveCfg = Release|Any CPU
		{0ADF126D-2913-4318-BB37-1285FAB40A31}.Debug|Any CPU.ActiveCfg = Debug|Any CPU
		{0ADF126D-2913-4318-BB37-1285FAB40A31}.Debug|Any CPU.Build.0 = Debug|Any CPU
		{0ADF126D-2913-4318-BB37-1285FAB40A31}.Debug|Mixed Platforms.ActiveCfg = Debug|Any CPU
		{0ADF126D-2913-4318-BB37-1285FAB40A31}.Debug|Mixed Platforms.Build.0 = Debug|Any CPU
		{0ADF126D-2913-4318-BB37-1285FAB40A31}.Debug|x86.ActiveCfg = Debug|Any CPU
		{0ADF126D-2913-4318-BB37-1285FAB40A31}.Release|Any CPU.ActiveCfg = Release|Any CPU
		{0ADF126D-2913-4318-BB37-1285FAB40A31}.Release|Any CPU.Build.0 = Release|Any CPU
		{0ADF126D-2913-4318-BB37-1285FAB40A31}.Release|Mixed Platforms.ActiveCfg = Release|Any CPU
		{0ADF126D-2913-4318-BB37-1285FAB40A31}.Release|Mixed Platforms.Build.0 = Release|Any CPU
		{0ADF126D-2913-4318-BB37-1285FAB40A31}.Release|x86.ActiveCfg = Release|Any CPU
		{0ADF126D-2913-4318-BB37-1285FAB40A31}.本地调试|Any CPU.ActiveCfg = Release|Any CPU
		{0ADF126D-2913-4318-BB37-1285FAB40A31}.本地调试|Any CPU.Build.0 = Release|Any CPU
		{0ADF126D-2913-4318-BB37-1285FAB40A31}.本地调试|Mixed Platforms.ActiveCfg = Release|Any CPU
		{0ADF126D-2913-4318-BB37-1285FAB40A31}.本地调试|Mixed Platforms.Build.0 = Release|Any CPU
		{0ADF126D-2913-4318-BB37-1285FAB40A31}.本地调试|x86.ActiveCfg = Release|Any CPU
		{0ADF126D-2913-4318-BB37-1285FAB40A31}.最终发布|Any CPU.ActiveCfg = Release|Any CPU
		{0ADF126D-2913-4318-BB37-1285FAB40A31}.最终发布|Any CPU.Build.0 = Release|Any CPU
		{0ADF126D-2913-4318-BB37-1285FAB40A31}.最终发布|Mixed Platforms.ActiveCfg = Release|Any CPU
		{0ADF126D-2913-4318-BB37-1285FAB40A31}.最终发布|Mixed Platforms.Build.0 = Release|Any CPU
		{0ADF126D-2913-4318-BB37-1285FAB40A31}.最终发布|x86.ActiveCfg = Release|Any CPU
		{39E24165-0E3C-4980-A1C3-20A862DB2EA5}.Debug|Any CPU.ActiveCfg = Debug|Any CPU
		{39E24165-0E3C-4980-A1C3-20A862DB2EA5}.Debug|Any CPU.Build.0 = Debug|Any CPU
		{39E24165-0E3C-4980-A1C3-20A862DB2EA5}.Debug|Mixed Platforms.ActiveCfg = Debug|Any CPU
		{39E24165-0E3C-4980-A1C3-20A862DB2EA5}.Debug|Mixed Platforms.Build.0 = Debug|Any CPU
		{39E24165-0E3C-4980-A1C3-20A862DB2EA5}.Debug|x86.ActiveCfg = Debug|Any CPU
		{39E24165-0E3C-4980-A1C3-20A862DB2EA5}.Release|Any CPU.ActiveCfg = Release|Any CPU
		{39E24165-0E3C-4980-A1C3-20A862DB2EA5}.Release|Any CPU.Build.0 = Release|Any CPU
		{39E24165-0E3C-4980-A1C3-20A862DB2EA5}.Release|Mixed Platforms.ActiveCfg = Release|Any CPU
		{39E24165-0E3C-4980-A1C3-20A862DB2EA5}.Release|Mixed Platforms.Build.0 = Release|Any CPU
		{39E24165-0E3C-4980-A1C3-20A862DB2EA5}.Release|x86.ActiveCfg = Release|Any CPU
		{39E24165-0E3C-4980-A1C3-20A862DB2EA5}.本地调试|Any CPU.ActiveCfg = Release|Any CPU
		{39E24165-0E3C-4980-A1C3-20A862DB2EA5}.本地调试|Any CPU.Build.0 = Release|Any CPU
		{39E24165-0E3C-4980-A1C3-20A862DB2EA5}.本地调试|Mixed Platforms.ActiveCfg = Release|Any CPU
		{39E24165-0E3C-4980-A1C3-20A862DB2EA5}.本地调试|Mixed Platforms.Build.0 = Release|Any CPU
		{39E24165-0E3C-4980-A1C3-20A862DB2EA5}.本地调试|x86.ActiveCfg = Release|Any CPU
		{39E24165-0E3C-4980-A1C3-20A862DB2EA5}.最终发布|Any CPU.ActiveCfg = Release|Any CPU
		{39E24165-0E3C-4980-A1C3-20A862DB2EA5}.最终发布|Any CPU.Build.0 = Release|Any CPU
		{39E24165-0E3C-4980-A1C3-20A862DB2EA5}.最终发布|Mixed Platforms.ActiveCfg = Release|Any CPU
		{39E24165-0E3C-4980-A1C3-20A862DB2EA5}.最终发布|Mixed Platforms.Build.0 = Release|Any CPU
		{39E24165-0E3C-4980-A1C3-20A862DB2EA5}.最终发布|x86.ActiveCfg = Release|Any CPU
		{D14D9B61-0D77-4EB5-9562-003F26788C98}.Debug|Any CPU.ActiveCfg = Debug|Any CPU
		{D14D9B61-0D77-4EB5-9562-003F26788C98}.Debug|Any CPU.Build.0 = Debug|Any CPU
		{D14D9B61-0D77-4EB5-9562-003F26788C98}.Debug|Mixed Platforms.ActiveCfg = Debug|Any CPU
		{D14D9B61-0D77-4EB5-9562-003F26788C98}.Debug|Mixed Platforms.Build.0 = Debug|Any CPU
		{D14D9B61-0D77-4EB5-9562-003F26788C98}.Debug|x86.ActiveCfg = Debug|Any CPU
		{D14D9B61-0D77-4EB5-9562-003F26788C98}.Release|Any CPU.ActiveCfg = Release|Any CPU
		{D14D9B61-0D77-4EB5-9562-003F26788C98}.Release|Any CPU.Build.0 = Release|Any CPU
		{D14D9B61-0D77-4EB5-9562-003F26788C98}.Release|Mixed Platforms.ActiveCfg = Release|Any CPU
		{D14D9B61-0D77-4EB5-9562-003F26788C98}.Release|Mixed Platforms.Build.0 = Release|Any CPU
		{D14D9B61-0D77-4EB5-9562-003F26788C98}.Release|x86.ActiveCfg = Release|Any CPU
		{D14D9B61-0D77-4EB5-9562-003F26788C98}.本地调试|Any CPU.ActiveCfg = Release|Any CPU
		{D14D9B61-0D77-4EB5-9562-003F26788C98}.本地调试|Any CPU.Build.0 = Release|Any CPU
		{D14D9B61-0D77-4EB5-9562-003F26788C98}.本地调试|Mixed Platforms.ActiveCfg = Release|Any CPU
		{D14D9B61-0D77-4EB5-9562-003F26788C98}.本地调试|Mixed Platforms.Build.0 = Release|Any CPU
		{D14D9B61-0D77-4EB5-9562-003F26788C98}.本地调试|x86.ActiveCfg = Release|Any CPU
		{D14D9B61-0D77-4EB5-9562-003F26788C98}.最终发布|Any CPU.ActiveCfg = Release|Any CPU
		{D14D9B61-0D77-4EB5-9562-003F26788C98}.最终发布|Any CPU.Build.0 = Release|Any CPU
		{D14D9B61-0D77-4EB5-9562-003F26788C98}.最终发布|Mixed Platforms.ActiveCfg = Release|Any CPU
		{D14D9B61-0D77-4EB5-9562-003F26788C98}.最终发布|Mixed Platforms.Build.0 = Release|Any CPU
		{D14D9B61-0D77-4EB5-9562-003F26788C98}.最终发布|x86.ActiveCfg = Release|Any CPU
		{C00FAA32-AEAF-435A-848C-C171E0BD4277}.Debug|Any CPU.ActiveCfg = Debug|Any CPU
		{C00FAA32-AEAF-435A-848C-C171E0BD4277}.Debug|Any CPU.Build.0 = Debug|Any CPU
		{C00FAA32-AEAF-435A-848C-C171E0BD4277}.Debug|Mixed Platforms.ActiveCfg = Debug|Any CPU
		{C00FAA32-AEAF-435A-848C-C171E0BD4277}.Debug|Mixed Platforms.Build.0 = Debug|Any CPU
		{C00FAA32-AEAF-435A-848C-C171E0BD4277}.Debug|x86.ActiveCfg = Debug|Any CPU
		{C00FAA32-AEAF-435A-848C-C171E0BD4277}.Release|Any CPU.ActiveCfg = Release|Any CPU
		{C00FAA32-AEAF-435A-848C-C171E0BD4277}.Release|Any CPU.Build.0 = Release|Any CPU
		{C00FAA32-AEAF-435A-848C-C171E0BD4277}.Release|Mixed Platforms.ActiveCfg = Release|Any CPU
		{C00FAA32-AEAF-435A-848C-C171E0BD4277}.Release|Mixed Platforms.Build.0 = Release|Any CPU
		{C00FAA32-AEAF-435A-848C-C171E0BD4277}.Release|x86.ActiveCfg = Release|Any CPU
		{C00FAA32-AEAF-435A-848C-C171E0BD4277}.本地调试|Any CPU.ActiveCfg = Release|Any CPU
		{C00FAA32-AEAF-435A-848C-C171E0BD4277}.本地调试|Any CPU.Build.0 = Release|Any CPU
		{C00FAA32-AEAF-435A-848C-C171E0BD4277}.本地调试|Mixed Platforms.ActiveCfg = Release|Any CPU
		{C00FAA32-AEAF-435A-848C-C171E0BD4277}.本地调试|Mixed Platforms.Build.0 = Release|Any CPU
		{C00FAA32-AEAF-435A-848C-C171E0BD4277}.本地调试|x86.ActiveCfg = Release|Any CPU
		{C00FAA32-AEAF-435A-848C-C171E0BD4277}.最终发布|Any CPU.ActiveCfg = Release|Any CPU
		{C00FAA32-AEAF-435A-848C-C171E0BD4277}.最终发布|Any CPU.Build.0 = Release|Any CPU
		{C00FAA32-AEAF-435A-848C-C171E0BD4277}.最终发布|Mixed Platforms.ActiveCfg = Release|Any CPU
		{C00FAA32-AEAF-435A-848C-C171E0BD4277}.最终发布|Mixed Platforms.Build.0 = Release|Any CPU
		{C00FAA32-AEAF-435A-848C-C171E0BD4277}.最终发布|x86.ActiveCfg = Release|Any CPU
		{F928FE1D-7C8F-4DC7-B98A-ABFC709B2A91}.Debug|Any CPU.ActiveCfg = Debug|Any CPU
		{F928FE1D-7C8F-4DC7-B98A-ABFC709B2A91}.Debug|Any CPU.Build.0 = Debug|Any CPU
		{F928FE1D-7C8F-4DC7-B98A-ABFC709B2A91}.Debug|Mixed Platforms.ActiveCfg = Debug|x86
		{F928FE1D-7C8F-4DC7-B98A-ABFC709B2A91}.Debug|Mixed Platforms.Build.0 = Debug|x86
		{F928FE1D-7C8F-4DC7-B98A-ABFC709B2A91}.Debug|x86.ActiveCfg = Debug|x86
		{F928FE1D-7C8F-4DC7-B98A-ABFC709B2A91}.Debug|x86.Build.0 = Debug|x86
		{F928FE1D-7C8F-4DC7-B98A-ABFC709B2A91}.Release|Any CPU.ActiveCfg = Release|Any CPU
		{F928FE1D-7C8F-4DC7-B98A-ABFC709B2A91}.Release|Any CPU.Build.0 = Release|Any CPU
		{F928FE1D-7C8F-4DC7-B98A-ABFC709B2A91}.Release|Mixed Platforms.ActiveCfg = Release|x86
		{F928FE1D-7C8F-4DC7-B98A-ABFC709B2A91}.Release|Mixed Platforms.Build.0 = Release|x86
		{F928FE1D-7C8F-4DC7-B98A-ABFC709B2A91}.Release|x86.ActiveCfg = Release|x86
		{F928FE1D-7C8F-4DC7-B98A-ABFC709B2A91}.Release|x86.Build.0 = Release|x86
		{F928FE1D-7C8F-4DC7-B98A-ABFC709B2A91}.本地调试|Any CPU.ActiveCfg = Release|Any CPU
		{F928FE1D-7C8F-4DC7-B98A-ABFC709B2A91}.本地调试|Any CPU.Build.0 = Release|Any CPU
		{F928FE1D-7C8F-4DC7-B98A-ABFC709B2A91}.本地调试|Mixed Platforms.ActiveCfg = Release|x86
		{F928FE1D-7C8F-4DC7-B98A-ABFC709B2A91}.本地调试|Mixed Platforms.Build.0 = Release|x86
		{F928FE1D-7C8F-4DC7-B98A-ABFC709B2A91}.本地调试|x86.ActiveCfg = Release|x86
		{F928FE1D-7C8F-4DC7-B98A-ABFC709B2A91}.本地调试|x86.Build.0 = Release|x86
		{F928FE1D-7C8F-4DC7-B98A-ABFC709B2A91}.最终发布|Any CPU.ActiveCfg = Release|Any CPU
		{F928FE1D-7C8F-4DC7-B98A-ABFC709B2A91}.最终发布|Any CPU.Build.0 = Release|Any CPU
		{F928FE1D-7C8F-4DC7-B98A-ABFC709B2A91}.最终发布|Mixed Platforms.ActiveCfg = Release|x86
		{F928FE1D-7C8F-4DC7-B98A-ABFC709B2A91}.最终发布|Mixed Platforms.Build.0 = Release|x86
		{F928FE1D-7C8F-4DC7-B98A-ABFC709B2A91}.最终发布|x86.ActiveCfg = Release|x86
		{F928FE1D-7C8F-4DC7-B98A-ABFC709B2A91}.最终发布|x86.Build.0 = Release|x86
		{45AEC823-F72A-4C69-952C-CF883B79C5F9}.Debug|Any CPU.ActiveCfg = Debug|Any CPU
		{45AEC823-F72A-4C69-952C-CF883B79C5F9}.Debug|Any CPU.Build.0 = Debug|Any CPU
		{45AEC823-F72A-4C69-952C-CF883B79C5F9}.Debug|Mixed Platforms.ActiveCfg = Debug|Any CPU
		{45AEC823-F72A-4C69-952C-CF883B79C5F9}.Debug|Mixed Platforms.Build.0 = Debug|Any CPU
		{45AEC823-F72A-4C69-952C-CF883B79C5F9}.Debug|x86.ActiveCfg = Debug|Any CPU
		{45AEC823-F72A-4C69-952C-CF883B79C5F9}.Debug|x86.Build.0 = Debug|Any CPU
		{45AEC823-F72A-4C69-952C-CF883B79C5F9}.Release|Any CPU.ActiveCfg = Release|Any CPU
		{45AEC823-F72A-4C69-952C-CF883B79C5F9}.Release|Any CPU.Build.0 = Release|Any CPU
		{45AEC823-F72A-4C69-952C-CF883B79C5F9}.Release|Mixed Platforms.ActiveCfg = Release|Any CPU
		{45AEC823-F72A-4C69-952C-CF883B79C5F9}.Release|Mixed Platforms.Build.0 = Release|Any CPU
		{45AEC823-F72A-4C69-952C-CF883B79C5F9}.Release|x86.ActiveCfg = Release|Any CPU
		{45AEC823-F72A-4C69-952C-CF883B79C5F9}.Release|x86.Build.0 = Release|Any CPU
		{45AEC823-F72A-4C69-952C-CF883B79C5F9}.本地调试|Any CPU.ActiveCfg = Debug|Any CPU
		{45AEC823-F72A-4C69-952C-CF883B79C5F9}.本地调试|Any CPU.Build.0 = Debug|Any CPU
		{45AEC823-F72A-4C69-952C-CF883B79C5F9}.本地调试|Mixed Platforms.ActiveCfg = Debug|Any CPU
		{45AEC823-F72A-4C69-952C-CF883B79C5F9}.本地调试|Mixed Platforms.Build.0 = Debug|Any CPU
		{45AEC823-F72A-4C69-952C-CF883B79C5F9}.本地调试|x86.ActiveCfg = Debug|Any CPU
		{45AEC823-F72A-4C69-952C-CF883B79C5F9}.本地调试|x86.Build.0 = Debug|Any CPU
		{45AEC823-F72A-4C69-952C-CF883B79C5F9}.最终发布|Any CPU.ActiveCfg = Debug|Any CPU
		{45AEC823-F72A-4C69-952C-CF883B79C5F9}.最终发布|Any CPU.Build.0 = Debug|Any CPU
		{45AEC823-F72A-4C69-952C-CF883B79C5F9}.最终发布|Mixed Platforms.ActiveCfg = Debug|Any CPU
		{45AEC823-F72A-4C69-952C-CF883B79C5F9}.最终发布|Mixed Platforms.Build.0 = Debug|Any CPU
		{45AEC823-F72A-4C69-952C-CF883B79C5F9}.最终发布|x86.ActiveCfg = Debug|Any CPU
		{45AEC823-F72A-4C69-952C-CF883B79C5F9}.最终发布|x86.Build.0 = Debug|Any CPU
	EndGlobalSection
	GlobalSection(SolutionProperties) = preSolution
		HideSolutionNode = FALSE
	EndGlobalSection
	GlobalSection(NestedProjects) = preSolution
		{0F054CE3-ABBF-4B1B-94BA-9ADD2179FDE1} = {B7A5457B-99E4-4903-86C4-47F7076864FA}
		{1F3AF535-80D7-4678-B895-088960F259B3} = {B7A5457B-99E4-4903-86C4-47F7076864FA}
		{0ADF126D-2913-4318-BB37-1285FAB40A31} = {B7A5457B-99E4-4903-86C4-47F7076864FA}
		{39E24165-0E3C-4980-A1C3-20A862DB2EA5} = {B7A5457B-99E4-4903-86C4-47F7076864FA}
		{D14D9B61-0D77-4EB5-9562-003F26788C98} = {B7A5457B-99E4-4903-86C4-47F7076864FA}
		{C00FAA32-AEAF-435A-848C-C171E0BD4277} = {B7A5457B-99E4-4903-86C4-47F7076864FA}
		{45AEC823-F72A-4C69-952C-CF883B79C5F9} = {B7A5457B-99E4-4903-86C4-47F7076864FA}
	EndGlobalSection
	GlobalSection(ExtensibilityGlobals) = postSolution
		SolutionGuid = {711EBC9F-AA74-4E15-8E9E-744D846DB2E3}
	EndGlobalSection
EndGlobal
